
Microsoft Visual Studio Solution File, Format Version 12.00
# Visual Studio Version 17
VisualStudioVersion = 17.3.32929.385
MinimumVisualStudioVersion = 10.0.40219.1
Project("{FAE04EC0-301F-11D3-BF4B-00C04F79EFBC}") = "LibrarySystem", "LibrarySystem\LibrarySystem.csproj", "{0DE59DA0-55E5-42B2-953A-6A7808FE07E3}"
EndProject
Global
	GlobalSection(SolutionConfigurationPlatforms) = preSolution
		Debug|Any CPU = Debug|Any CPU
		Release|Any CPU = Release|Any CPU
	EndGlobalSection
	GlobalSection(ProjectConfigurationPlatforms) = postSolution
		{0DE59DA0-55E5-42B2-953A-6A7808FE07E3}.Debug|Any CPU.ActiveCfg = Debug|Any CPU
		{0DE59DA0-55E5-42B2-953A-6A7808FE07E3}.Debug|Any CPU.Build.0 = Debug|Any CPU
		{0DE59DA0-55E5-42B2-953A-6A7808FE07E3}.Release|Any CPU.ActiveCfg = Release|Any CPU
		{0DE59DA0-55E5-42B2-953A-6A7808FE07E3}.Release|Any CPU.Build.0 = Release|Any CPU
	EndGlobalSection
	GlobalSection(SolutionProperties) = preSolution
		HideSolutionNode = FALSE
	EndGlobalSection
	GlobalSection(ExtensibilityGlobals) = postSolution
		SolutionGuid = {866C6882-70FD-49BB-9393-795E6E703BE4}
	EndGlobalSection
EndGlobal
